// !$*UTF8*$!
{
	archiveVersion = 1;
	classes = {
	};
	objectVersion = 55;
	objects = {

/* Begin PBXBuildFile section */
		FE85B3CF27A5C785000F6387 /* Tests_iOS.swift in Sources */ = {isa = PBXBuildFile; fileRef = FE85B3CE27A5C785000F6387 /* Tests_iOS.swift */; };
		FE85B3D127A5C785000F6387 /* Tests_iOSLaunchTests.swift in Sources */ = {isa = PBXBuildFile; fileRef = FE85B3D027A5C785000F6387 /* Tests_iOSLaunchTests.swift */; };
		FE85B3DB27A5C785000F6387 /* Tests_macOS.swift in Sources */ = {isa = PBXBuildFile; fileRef = FE85B3DA27A5C785000F6387 /* Tests_macOS.swift */; };
		FE85B3DD27A5C785000F6387 /* Tests_macOSLaunchTests.swift in Sources */ = {isa = PBXBuildFile; fileRef = FE85B3DC27A5C785000F6387 /* Tests_macOSLaunchTests.swift */; };
		FE85B3DE27A5C785000F6387 /* EmojiArtApp.swift in Sources */ = {isa = PBXBuildFile; fileRef = FE85B3B627A5C784000F6387 /* EmojiArtApp.swift */; };
		FE85B3DF27A5C785000F6387 /* EmojiArtApp.swift in Sources */ = {isa = PBXBuildFile; fileRef = FE85B3B627A5C784000F6387 /* EmojiArtApp.swift */; };
		FE85B3E027A5C785000F6387 /* EmojiArtDocumentView.swift in Sources */ = {isa = PBXBuildFile; fileRef = FE85B3B727A5C784000F6387 /* EmojiArtDocumentView.swift */; };
		FE85B3E127A5C785000F6387 /* EmojiArtDocumentView.swift in Sources */ = {isa = PBXBuildFile; fileRef = FE85B3B727A5C784000F6387 /* EmojiArtDocumentView.swift */; };
		FE85B3E227A5C785000F6387 /* Assets.xcassets in Resources */ = {isa = PBXBuildFile; fileRef = FE85B3B827A5C785000F6387 /* Assets.xcassets */; };
		FE85B3E327A5C785000F6387 /* Assets.xcassets in Resources */ = {isa = PBXBuildFile; fileRef = FE85B3B827A5C785000F6387 /* Assets.xcassets */; };
		FE85B3F327A5C7EE000F6387 /* EmojiArtModel.swift in Sources */ = {isa = PBXBuildFile; fileRef = FE85B3F227A5C7EE000F6387 /* EmojiArtModel.swift */; };
		FE85B3F427A5C7EE000F6387 /* EmojiArtModel.swift in Sources */ = {isa = PBXBuildFile; fileRef = FE85B3F227A5C7EE000F6387 /* EmojiArtModel.swift */; };
		FE85B3F627A5CA66000F6387 /* EmojiArtModel.Background.swift in Sources */ = {isa = PBXBuildFile; fileRef = FE85B3F527A5CA66000F6387 /* EmojiArtModel.Background.swift */; };
		FE85B3F727A5CA66000F6387 /* EmojiArtModel.Background.swift in Sources */ = {isa = PBXBuildFile; fileRef = FE85B3F527A5CA66000F6387 /* EmojiArtModel.Background.swift */; };
		FE85B3F927A5CB69000F6387 /* EmojiArtDocument.swift in Sources */ = {isa = PBXBuildFile; fileRef = FE85B3F827A5CB69000F6387 /* EmojiArtDocument.swift */; };
		FE85B3FA27A5CB69000F6387 /* EmojiArtDocument.swift in Sources */ = {isa = PBXBuildFile; fileRef = FE85B3F827A5CB69000F6387 /* EmojiArtDocument.swift */; };
		FE85B40327A5DB35000F6387 /* UtilityExtensions.swift in Sources */ = {isa = PBXBuildFile; fileRef = FE85B40127A5DB35000F6387 /* UtilityExtensions.swift */; };
		FE85B40427A5DB35000F6387 /* UtilityExtensions.swift in Sources */ = {isa = PBXBuildFile; fileRef = FE85B40127A5DB35000F6387 /* UtilityExtensions.swift */; };
		FE85B40527A5DB35000F6387 /* UtilityViews.swift in Sources */ = {isa = PBXBuildFile; fileRef = FE85B40227A5DB35000F6387 /* UtilityViews.swift */; };
		FE85B40627A5DB35000F6387 /* UtilityViews.swift in Sources */ = {isa = PBXBuildFile; fileRef = FE85B40227A5DB35000F6387 /* UtilityViews.swift */; };
		FE85B40827A8DB6F000F6387 /* PaletteStore.swift in Sources */ = {isa = PBXBuildFile; fileRef = FE85B40727A8DB6F000F6387 /* PaletteStore.swift */; };
		FE85B40927A8DB6F000F6387 /* PaletteStore.swift in Sources */ = {isa = PBXBuildFile; fileRef = FE85B40727A8DB6F000F6387 /* PaletteStore.swift */; };
		FE85B41127A9D9A8000F6387 /* PaletteChooser.swift in Sources */ = {isa = PBXBuildFile; fileRef = FE85B41027A9D9A8000F6387 /* PaletteChooser.swift */; };
		FE85B41227A9D9A8000F6387 /* PaletteChooser.swift in Sources */ = {isa = PBXBuildFile; fileRef = FE85B41027A9D9A8000F6387 /* PaletteChooser.swift */; };
		FE85B41427A9DEDB000F6387 /* PaletteEditor.swift in Sources */ = {isa = PBXBuildFile; fileRef = FE85B41327A9DEDB000F6387 /* PaletteEditor.swift */; };
		FE85B41527A9DEDB000F6387 /* PaletteEditor.swift in Sources */ = {isa = PBXBuildFile; fileRef = FE85B41327A9DEDB000F6387 /* PaletteEditor.swift */; };
		FE85B41727A9E974000F6387 /* PaletteManager.swift in Sources */ = {isa = PBXBuildFile; fileRef = FE85B41627A9E974000F6387 /* PaletteManager.swift */; };
		FE85B41827A9E974000F6387 /* PaletteManager.swift in Sources */ = {isa = PBXBuildFile; fileRef = FE85B41627A9E974000F6387 /* PaletteManager.swift */; };
		FED4A67227ADFE050083938C /* Camera.swift in Sources */ = {isa = PBXBuildFile; fileRef = FED4A67127ADFE050083938C /* Camera.swift */; };
		FED4A67327ADFE050083938C /* Camera.swift in Sources */ = {isa = PBXBuildFile; fileRef = FED4A67127ADFE050083938C /* Camera.swift */; };
		FED4A67527AE048A0083938C /* PhotoLibrary.swift in Sources */ = {isa = PBXBuildFile; fileRef = FED4A67427AE048A0083938C /* PhotoLibrary.swift */; };
		FED4A67627AE048A0083938C /* PhotoLibrary.swift in Sources */ = {isa = PBXBuildFile; fileRef = FED4A67427AE048A0083938C /* PhotoLibrary.swift */; };
/* End PBXBuildFile section */

/* Begin PBXContainerItemProxy section */
		FE85B3CB27A5C785000F6387 /* PBXContainerItemProxy */ = {
			isa = PBXContainerItemProxy;
			containerPortal = FE85B3B127A5C784000F6387 /* Project object */;
			proxyType = 1;
			remoteGlobalIDString = FE85B3BC27A5C785000F6387;
			remoteInfo = "EmojiArt (iOS)";
		};
		FE85B3D727A5C785000F6387 /* PBXContainerItemProxy */ = {
			isa = PBXContainerItemProxy;
			containerPortal = FE85B3B127A5C784000F6387 /* Project object */;
			proxyType = 1;
			remoteGlobalIDString = FE85B3C227A5C785000F6387;
			remoteInfo = "EmojiArt (macOS)";
		};
/* End PBXContainerItemProxy section */

/* Begin PBXFileReference section */
		FE6D009227ACC2DA0036E5EC /* EmojiArt--iOS--Info.plist */ = {isa = PBXFileReference; lastKnownFileType = text.plist; path = "EmojiArt--iOS--Info.plist"; sourceTree = "<group>"; };
		FE85B3B627A5C784000F6387 /* EmojiArtApp.swift */ = {isa = PBXFileReference; lastKnownFileType = sourcecode.swift; path = EmojiArtApp.swift; sourceTree = "<group>"; };
		FE85B3B727A5C784000F6387 /* EmojiArtDocumentView.swift */ = {isa = PBXFileReference; lastKnownFileType = sourcecode.swift; path = EmojiArtDocumentView.swift; sourceTree = "<group>"; };
		FE85B3B827A5C785000F6387 /* Assets.xcassets */ = {isa = PBXFileReference; lastKnownFileType = folder.assetcatalog; path = Assets.xcassets; sourceTree = "<group>"; };
		FE85B3BD27A5C785000F6387 /* EmojiArt.app */ = {isa = PBXFileReference; explicitFileType = wrapper.application; includeInIndex = 0; path = EmojiArt.app; sourceTree = BUILT_PRODUCTS_DIR; };
		FE85B3C327A5C785000F6387 /* EmojiArt.app */ = {isa = PBXFileReference; explicitFileType = wrapper.application; includeInIndex = 0; path = EmojiArt.app; sourceTree = BUILT_PRODUCTS_DIR; };
		FE85B3C527A5C785000F6387 /* macOS.entitlements */ = {isa = PBXFileReference; lastKnownFileType = text.plist.entitlements; path = macOS.entitlements; sourceTree = "<group>"; };
		FE85B3CA27A5C785000F6387 /* Tests iOS.xctest */ = {isa = PBXFileReference; explicitFileType = wrapper.cfbundle; includeInIndex = 0; path = "Tests iOS.xctest"; sourceTree = BUILT_PRODUCTS_DIR; };
		FE85B3CE27A5C785000F6387 /* Tests_iOS.swift */ = {isa = PBXFileReference; lastKnownFileType = sourcecode.swift; path = Tests_iOS.swift; sourceTree = "<group>"; };
		FE85B3D027A5C785000F6387 /* Tests_iOSLaunchTests.swift */ = {isa = PBXFileReference; lastKnownFileType = sourcecode.swift; path = Tests_iOSLaunchTests.swift; sourceTree = "<group>"; };
		FE85B3D627A5C785000F6387 /* Tests macOS.xctest */ = {isa = PBXFileReference; explicitFileType = wrapper.cfbundle; includeInIndex = 0; path = "Tests macOS.xctest"; sourceTree = BUILT_PRODUCTS_DIR; };
		FE85B3DA27A5C785000F6387 /* Tests_macOS.swift */ = {isa = PBXFileReference; lastKnownFileType = sourcecode.swift; path = Tests_macOS.swift; sourceTree = "<group>"; };
		FE85B3DC27A5C785000F6387 /* Tests_macOSLaunchTests.swift */ = {isa = PBXFileReference; lastKnownFileType = sourcecode.swift; path = Tests_macOSLaunchTests.swift; sourceTree = "<group>"; };
		FE85B3F227A5C7EE000F6387 /* EmojiArtModel.swift */ = {isa = PBXFileReference; lastKnownFileType = sourcecode.swift; path = EmojiArtModel.swift; sourceTree = "<group>"; };
		FE85B3F527A5CA66000F6387 /* EmojiArtModel.Background.swift */ = {isa = PBXFileReference; lastKnownFileType = sourcecode.swift; path = EmojiArtModel.Background.swift; sourceTree = "<group>"; };
		FE85B3F827A5CB69000F6387 /* EmojiArtDocument.swift */ = {isa = PBXFileReference; lastKnownFileType = sourcecode.swift; path = EmojiArtDocument.swift; sourceTree = "<group>"; };
		FE85B40127A5DB35000F6387 /* UtilityExtensions.swift */ = {isa = PBXFileReference; fileEncoding = 4; lastKnownFileType = sourcecode.swift; path = UtilityExtensions.swift; sourceTree = "<group>"; };
		FE85B40227A5DB35000F6387 /* UtilityViews.swift */ = {isa = PBXFileReference; fileEncoding = 4; lastKnownFileType = sourcecode.swift; path = UtilityViews.swift; sourceTree = "<group>"; };
		FE85B40727A8DB6F000F6387 /* PaletteStore.swift */ = {isa = PBXFileReference; lastKnownFileType = sourcecode.swift; path = PaletteStore.swift; sourceTree = "<group>"; };
		FE85B41027A9D9A8000F6387 /* PaletteChooser.swift */ = {isa = PBXFileReference; lastKnownFileType = sourcecode.swift; path = PaletteChooser.swift; sourceTree = "<group>"; };
		FE85B41327A9DEDB000F6387 /* PaletteEditor.swift */ = {isa = PBXFileReference; lastKnownFileType = sourcecode.swift; path = PaletteEditor.swift; sourceTree = "<group>"; };
		FE85B41627A9E974000F6387 /* PaletteManager.swift */ = {isa = PBXFileReference; lastKnownFileType = sourcecode.swift; path = PaletteManager.swift; sourceTree = "<group>"; };
		FED4A67127ADFE050083938C /* Camera.swift */ = {isa = PBXFileReference; lastKnownFileType = sourcecode.swift; path = Camera.swift; sourceTree = "<group>"; };
		FED4A67427AE048A0083938C /* PhotoLibrary.swift */ = {isa = PBXFileReference; lastKnownFileType = sourcecode.swift; path = PhotoLibrary.swift; sourceTree = "<group>"; };
/* End PBXFileReference section */

/* Begin PBXFrameworksBuildPhase section */
		FE85B3BA27A5C785000F6387 /* Frameworks */ = {
			isa = PBXFrameworksBuildPhase;
			buildActionMask = 2147483647;
			files = (
			);
			runOnlyForDeploymentPostprocessing = 0;
		};
		FE85B3C027A5C785000F6387 /* Frameworks */ = {
			isa = PBXFrameworksBuildPhase;
			buildActionMask = 2147483647;
			files = (
			);
			runOnlyForDeploymentPostprocessing = 0;
		};
		FE85B3C727A5C785000F6387 /* Frameworks */ = {
			isa = PBXFrameworksBuildPhase;
			buildActionMask = 2147483647;
			files = (
			);
			runOnlyForDeploymentPostprocessing = 0;
		};
		FE85B3D327A5C785000F6387 /* Frameworks */ = {
			isa = PBXFrameworksBuildPhase;
			buildActionMask = 2147483647;
			files = (
			);
			runOnlyForDeploymentPostprocessing = 0;
		};
/* End PBXFrameworksBuildPhase section */

/* Begin PBXGroup section */
		FE85B3B027A5C784000F6387 = {
			isa = PBXGroup;
			children = (
				FE6D009227ACC2DA0036E5EC /* EmojiArt--iOS--Info.plist */,
				FE85B3B527A5C784000F6387 /* Shared */,
				FE85B3C427A5C785000F6387 /* macOS */,
				FE85B3CD27A5C785000F6387 /* Tests iOS */,
				FE85B3D927A5C785000F6387 /* Tests macOS */,
				FE85B3BE27A5C785000F6387 /* Products */,
			);
			sourceTree = "<group>";
		};
		FE85B3B527A5C784000F6387 /* Shared */ = {
			isa = PBXGroup;
			children = (
				FE85B3B627A5C784000F6387 /* EmojiArtApp.swift */,
				FE85B3B727A5C784000F6387 /* EmojiArtDocumentView.swift */,
				FED4A67427AE048A0083938C /* PhotoLibrary.swift */,
				FE85B3F227A5C7EE000F6387 /* EmojiArtModel.swift */,
				FE85B3F827A5CB69000F6387 /* EmojiArtDocument.swift */,
				FE85B40727A8DB6F000F6387 /* PaletteStore.swift */,
				FE85B3F527A5CA66000F6387 /* EmojiArtModel.Background.swift */,
				FE85B40127A5DB35000F6387 /* UtilityExtensions.swift */,
				FE85B40227A5DB35000F6387 /* UtilityViews.swift */,
				FE85B3B827A5C785000F6387 /* Assets.xcassets */,
				FE85B41027A9D9A8000F6387 /* PaletteChooser.swift */,
				FE85B41327A9DEDB000F6387 /* PaletteEditor.swift */,
				FE85B41627A9E974000F6387 /* PaletteManager.swift */,
				FED4A67127ADFE050083938C /* Camera.swift */,
			);
			path = Shared;
			sourceTree = "<group>";
		};
		FE85B3BE27A5C785000F6387 /* Products */ = {
			isa = PBXGroup;
			children = (
				FE85B3BD27A5C785000F6387 /* EmojiArt.app */,
				FE85B3C327A5C785000F6387 /* EmojiArt.app */,
				FE85B3CA27A5C785000F6387 /* Tests iOS.xctest */,
				FE85B3D627A5C785000F6387 /* Tests macOS.xctest */,
			);
			name = Products;
			sourceTree = "<group>";
		};
		FE85B3C427A5C785000F6387 /* macOS */ = {
			isa = PBXGroup;
			children = (
				FE85B3C527A5C785000F6387 /* macOS.entitlements */,
			);
			path = macOS;
			sourceTree = "<group>";
		};
		FE85B3CD27A5C785000F6387 /* Tests iOS */ = {
			isa = PBXGroup;
			children = (
				FE85B3CE27A5C785000F6387 /* Tests_iOS.swift */,
				FE85B3D027A5C785000F6387 /* Tests_iOSLaunchTests.swift */,
			);
			path = "Tests iOS";
			sourceTree = "<group>";
		};
		FE85B3D927A5C785000F6387 /* Tests macOS */ = {
			isa = PBXGroup;
			children = (
				FE85B3DA27A5C785000F6387 /* Tests_macOS.swift */,
				FE85B3DC27A5C785000F6387 /* Tests_macOSLaunchTests.swift */,
			);
			path = "Tests macOS";
			sourceTree = "<group>";
		};
/* End PBXGroup section */

/* Begin PBXNativeTarget section */
		FE85B3BC27A5C785000F6387 /* EmojiArt (iOS) */ = {
			isa = PBXNativeTarget;
			buildConfigurationList = FE85B3E627A5C785000F6387 /* Build configuration list for PBXNativeTarget "EmojiArt (iOS)" */;
			buildPhases = (
				FE85B3B927A5C785000F6387 /* Sources */,
				FE85B3BA27A5C785000F6387 /* Frameworks */,
				FE85B3BB27A5C785000F6387 /* Resources */,
			);
			buildRules = (
			);
			dependencies = (
			);
			name = "EmojiArt (iOS)";
			productName = "EmojiArt (iOS)";
			productReference = FE85B3BD27A5C785000F6387 /* EmojiArt.app */;
			productType = "com.apple.product-type.application";
		};
		FE85B3C227A5C785000F6387 /* EmojiArt (macOS) */ = {
			isa = PBXNativeTarget;
			buildConfigurationList = FE85B3E927A5C785000F6387 /* Build configuration list for PBXNativeTarget "EmojiArt (macOS)" */;
			buildPhases = (
				FE85B3BF27A5C785000F6387 /* Sources */,
				FE85B3C027A5C785000F6387 /* Frameworks */,
				FE85B3C127A5C785000F6387 /* Resources */,
			);
			buildRules = (
			);
			dependencies = (
			);
			name = "EmojiArt (macOS)";
			productName = "EmojiArt (macOS)";
			productReference = FE85B3C327A5C785000F6387 /* EmojiArt.app */;
			productType = "com.apple.product-type.application";
		};
		FE85B3C927A5C785000F6387 /* Tests iOS */ = {
			isa = PBXNativeTarget;
			buildConfigurationList = FE85B3EC27A5C785000F6387 /* Build configuration list for PBXNativeTarget "Tests iOS" */;
			buildPhases = (
				FE85B3C627A5C785000F6387 /* Sources */,
				FE85B3C727A5C785000F6387 /* Frameworks */,
				FE85B3C827A5C785000F6387 /* Resources */,
			);
			buildRules = (
			);
			dependencies = (
				FE85B3CC27A5C785000F6387 /* PBXTargetDependency */,
			);
			name = "Tests iOS";
			productName = "Tests iOS";
			productReference = FE85B3CA27A5C785000F6387 /* Tests iOS.xctest */;
			productType = "com.apple.product-type.bundle.ui-testing";
		};
		FE85B3D527A5C785000F6387 /* Tests macOS */ = {
			isa = PBXNativeTarget;
			buildConfigurationList = FE85B3EF27A5C785000F6387 /* Build configuration list for PBXNativeTarget "Tests macOS" */;
			buildPhases = (
				FE85B3D227A5C785000F6387 /* Sources */,
				FE85B3D327A5C785000F6387 /* Frameworks */,
				FE85B3D427A5C785000F6387 /* Resources */,
			);
			buildRules = (
			);
			dependencies = (
				FE85B3D827A5C785000F6387 /* PBXTargetDependency */,
			);
			name = "Tests macOS";
			productName = "Tests macOS";
			productReference = FE85B3D627A5C785000F6387 /* Tests macOS.xctest */;
			productType = "com.apple.product-type.bundle.ui-testing";
		};
/* End PBXNativeTarget section */

/* Begin PBXProject section */
		FE85B3B127A5C784000F6387 /* Project object */ = {
			isa = PBXProject;
			attributes = {
				BuildIndependentTargetsInParallel = 1;
				LastSwiftUpdateCheck = 1320;
				LastUpgradeCheck = 1320;
				TargetAttributes = {
					FE85B3BC27A5C785000F6387 = {
						CreatedOnToolsVersion = 13.2.1;
					};
					FE85B3C227A5C785000F6387 = {
						CreatedOnToolsVersion = 13.2.1;
					};
					FE85B3C927A5C785000F6387 = {
						CreatedOnToolsVersion = 13.2.1;
						TestTargetID = FE85B3BC27A5C785000F6387;
					};
					FE85B3D527A5C785000F6387 = {
						CreatedOnToolsVersion = 13.2.1;
						TestTargetID = FE85B3C227A5C785000F6387;
					};
				};
			};
			buildConfigurationList = FE85B3B427A5C784000F6387 /* Build configuration list for PBXProject "EmojiArt" */;
			compatibilityVersion = "Xcode 13.0";
			developmentRegion = en;
			hasScannedForEncodings = 0;
			knownRegions = (
				en,
				Base,
			);
			mainGroup = FE85B3B027A5C784000F6387;
			productRefGroup = FE85B3BE27A5C785000F6387 /* Products */;
			projectDirPath = "";
			projectRoot = "";
			targets = (
				FE85B3BC27A5C785000F6387 /* EmojiArt (iOS) */,
				FE85B3C227A5C785000F6387 /* EmojiArt (macOS) */,
				FE85B3C927A5C785000F6387 /* Tests iOS */,
				FE85B3D527A5C785000F6387 /* Tests macOS */,
			);
		};
/* End PBXProject section */

/* Begin PBXResourcesBuildPhase section */
		FE85B3BB27A5C785000F6387 /* Resources */ = {
			isa = PBXResourcesBuildPhase;
			buildActionMask = 2147483647;
			files = (
				FE85B3E227A5C785000F6387 /* Assets.xcassets in Resources */,
			);
			runOnlyForDeploymentPostprocessing = 0;
		};
		FE85B3C127A5C785000F6387 /* Resources */ = {
			isa = PBXResourcesBuildPhase;
			buildActionMask = 2147483647;
			files = (
				FE85B3E327A5C785000F6387 /* Assets.xcassets in Resources */,
			);
			runOnlyForDeploymentPostprocessing = 0;
		};
		FE85B3C827A5C785000F6387 /* Resources */ = {
			isa = PBXResourcesBuildPhase;
			buildActionMask = 2147483647;
			files = (
			);
			runOnlyForDeploymentPostprocessing = 0;
		};
		FE85B3D427A5C785000F6387 /* Resources */ = {
			isa = PBXResourcesBuildPhase;
			buildActionMask = 2147483647;
			files = (
			);
			runOnlyForDeploymentPostprocessing = 0;
		};
/* End PBXResourcesBuildPhase section */

/* Begin PBXSourcesBuildPhase section */
		FE85B3B927A5C785000F6387 /* Sources */ = {
			isa = PBXSourcesBuildPhase;
			buildActionMask = 2147483647;
			files = (
				FE85B40527A5DB35000F6387 /* UtilityViews.swift in Sources */,
				FED4A67527AE048A0083938C /* PhotoLibrary.swift in Sources */,
				FE85B41727A9E974000F6387 /* PaletteManager.swift in Sources */,
				FE85B40827A8DB6F000F6387 /* PaletteStore.swift in Sources */,
				FE85B41427A9DEDB000F6387 /* PaletteEditor.swift in Sources */,
				FE85B3E027A5C785000F6387 /* EmojiArtDocumentView.swift in Sources */,
				FE85B3DE27A5C785000F6387 /* EmojiArtApp.swift in Sources */,
				FE85B40327A5DB35000F6387 /* UtilityExtensions.swift in Sources */,
				FE85B3F927A5CB69000F6387 /* EmojiArtDocument.swift in Sources */,
				FED4A67227ADFE050083938C /* Camera.swift in Sources */,
				FE85B3F327A5C7EE000F6387 /* EmojiArtModel.swift in Sources */,
				FE85B3F627A5CA66000F6387 /* EmojiArtModel.Background.swift in Sources */,
				FE85B41127A9D9A8000F6387 /* PaletteChooser.swift in Sources */,
			);
			runOnlyForDeploymentPostprocessing = 0;
		};
		FE85B3BF27A5C785000F6387 /* Sources */ = {
			isa = PBXSourcesBuildPhase;
			buildActionMask = 2147483647;
			files = (
				FE85B40627A5DB35000F6387 /* UtilityViews.swift in Sources */,
				FED4A67627AE048A0083938C /* PhotoLibrary.swift in Sources */,
				FE85B41827A9E974000F6387 /* PaletteManager.swift in Sources */,
				FE85B40927A8DB6F000F6387 /* PaletteStore.swift in Sources */,
				FE85B41527A9DEDB000F6387 /* PaletteEditor.swift in Sources */,
				FE85B3E127A5C785000F6387 /* EmojiArtDocumentView.swift in Sources */,
				FE85B3DF27A5C785000F6387 /* EmojiArtApp.swift in Sources */,
				FE85B40427A5DB35000F6387 /* UtilityExtensions.swift in Sources */,
				FE85B3FA27A5CB69000F6387 /* EmojiArtDocument.swift in Sources */,
				FED4A67327ADFE050083938C /* Camera.swift in Sources */,
				FE85B3F427A5C7EE000F6387 /* EmojiArtModel.swift in Sources */,
				FE85B3F727A5CA66000F6387 /* EmojiArtModel.Background.swift in Sources */,
				FE85B41227A9D9A8000F6387 /* PaletteChooser.swift in Sources */,
			);
			runOnlyForDeploymentPostprocessing = 0;
		};
		FE85B3C627A5C785000F6387 /* Sources */ = {
			isa = PBXSourcesBuildPhase;
			buildActionMask = 2147483647;
			files = (
				FE85B3D127A5C785000F6387 /* Tests_iOSLaunchTests.swift in Sources */,
				FE85B3CF27A5C785000F6387 /* Tests_iOS.swift in Sources */,
			);
			runOnlyForDeploymentPostprocessing = 0;
		};
		FE85B3D227A5C785000F6387 /* Sources */ = {
			isa = PBXSourcesBuildPhase;
			buildActionMask = 2147483647;
			files = (
				FE85B3DD27A5C785000F6387 /* Tests_macOSLaunchTests.swift in Sources */,
				FE85B3DB27A5C785000F6387 /* Tests_macOS.swift in Sources */,
			);
			runOnlyForDeploymentPostprocessing = 0;
		};
/* End PBXSourcesBuildPhase section */

/* Begin PBXTargetDependency section */
		FE85B3CC27A5C785000F6387 /* PBXTargetDependency */ = {
			isa = PBXTargetDependency;
			target = FE85B3BC27A5C785000F6387 /* EmojiArt (iOS) */;
			targetProxy = FE85B3CB27A5C785000F6387 /* PBXContainerItemProxy */;
		};
		FE85B3D827A5C785000F6387 /* PBXTargetDependency */ = {
			isa = PBXTargetDependency;
			target = FE85B3C227A5C785000F6387 /* EmojiArt (macOS) */;
			targetProxy = FE85B3D727A5C785000F6387 /* PBXContainerItemProxy */;
		};
/* End PBXTargetDependency section */

/* Begin XCBuildConfiguration section */
		FE85B3E427A5C785000F6387 /* Debug */ = {
			isa = XCBuildConfiguration;
			buildSettings = {
				ALWAYS_SEARCH_USER_PATHS = NO;
				CLANG_ANALYZER_NONNULL = YES;
				CLANG_ANALYZER_NUMBER_OBJECT_CONVERSION = YES_AGGRESSIVE;
				CLANG_CXX_LANGUAGE_STANDARD = "gnu++17";
				CLANG_CXX_LIBRARY = "libc++";
				CLANG_ENABLE_MODULES = YES;
				CLANG_ENABLE_OBJC_ARC = YES;
				CLANG_ENABLE_OBJC_WEAK = YES;
				CLANG_WARN_BLOCK_CAPTURE_AUTORELEASING = YES;
				CLANG_WARN_BOOL_CONVERSION = YES;
				CLANG_WARN_COMMA = YES;
				CLANG_WARN_CONSTANT_CONVERSION = YES;
				CLANG_WARN_DEPRECATED_OBJC_IMPLEMENTATIONS = YES;
				CLANG_WARN_DIRECT_OBJC_ISA_USAGE = YES_ERROR;
				CLANG_WARN_DOCUMENTATION_COMMENTS = YES;
				CLANG_WARN_EMPTY_BODY = YES;
				CLANG_WARN_ENUM_CONVERSION = YES;
				CLANG_WARN_INFINITE_RECURSION = YES;
				CLANG_WARN_INT_CONVERSION = YES;
				CLANG_WARN_NON_LITERAL_NULL_CONVERSION = YES;
				CLANG_WARN_OBJC_IMPLICIT_RETAIN_SELF = YES;
				CLANG_WARN_OBJC_LITERAL_CONVERSION = YES;
				CLANG_WARN_OBJC_ROOT_CLASS = YES_ERROR;
				CLANG_WARN_QUOTED_INCLUDE_IN_FRAMEWORK_HEADER = YES;
				CLANG_WARN_RANGE_LOOP_ANALYSIS = YES;
				CLANG_WARN_STRICT_PROTOTYPES = YES;
				CLANG_WARN_SUSPICIOUS_MOVE = YES;
				CLANG_WARN_UNGUARDED_AVAILABILITY = YES_AGGRESSIVE;
				CLANG_WARN_UNREACHABLE_CODE = YES;
				CLANG_WARN__DUPLICATE_METHOD_MATCH = YES;
				COPY_PHASE_STRIP = NO;
				DEBUG_INFORMATION_FORMAT = dwarf;
				ENABLE_STRICT_OBJC_MSGSEND = YES;
				ENABLE_TESTABILITY = YES;
				GCC_C_LANGUAGE_STANDARD = gnu11;
				GCC_DYNAMIC_NO_PIC = NO;
				GCC_NO_COMMON_BLOCKS = YES;
				GCC_OPTIMIZATION_LEVEL = 0;
				GCC_PREPROCESSOR_DEFINITIONS = (
					"DEBUG=1",
					"$(inherited)",
				);
				GCC_WARN_64_TO_32_BIT_CONVERSION = YES;
				GCC_WARN_ABOUT_RETURN_TYPE = YES_ERROR;
				GCC_WARN_UNDECLARED_SELECTOR = YES;
				GCC_WARN_UNINITIALIZED_AUTOS = YES_AGGRESSIVE;
				GCC_WARN_UNUSED_FUNCTION = YES;
				GCC_WARN_UNUSED_VARIABLE = YES;
				MTL_ENABLE_DEBUG_INFO = INCLUDE_SOURCE;
				MTL_FAST_MATH = YES;
				ONLY_ACTIVE_ARCH = YES;
				SWIFT_ACTIVE_COMPILATION_CONDITIONS = DEBUG;
				SWIFT_OPTIMIZATION_LEVEL = "-Onone";
			};
			name = Debug;
		};
		FE85B3E527A5C785000F6387 /* Release */ = {
			isa = XCBuildConfiguration;
			buildSettings = {
				ALWAYS_SEARCH_USER_PATHS = NO;
				CLANG_ANALYZER_NONNULL = YES;
				CLANG_ANALYZER_NUMBER_OBJECT_CONVERSION = YES_AGGRESSIVE;
				CLANG_CXX_LANGUAGE_STANDARD = "gnu++17";
				CLANG_CXX_LIBRARY = "libc++";
				CLANG_ENABLE_MODULES = YES;
				CLANG_ENABLE_OBJC_ARC = YES;
				CLANG_ENABLE_OBJC_WEAK = YES;
				CLANG_WARN_BLOCK_CAPTURE_AUTORELEASING = YES;
				CLANG_WARN_BOOL_CONVERSION = YES;
				CLANG_WARN_COMMA = YES;
				CLANG_WARN_CONSTANT_CONVERSION = YES;
				CLANG_WARN_DEPRECATED_OBJC_IMPLEMENTATIONS = YES;
				CLANG_WARN_DIRECT_OBJC_ISA_USAGE = YES_ERROR;
				CLANG_WARN_DOCUMENTATION_COMMENTS = YES;
				CLANG_WARN_EMPTY_BODY = YES;
				CLANG_WARN_ENUM_CONVERSION = YES;
				CLANG_WARN_INFINITE_RECURSION = YES;
				CLANG_WARN_INT_CONVERSION = YES;
				CLANG_WARN_NON_LITERAL_NULL_CONVERSION = YES;
				CLANG_WARN_OBJC_IMPLICIT_RETAIN_SELF = YES;
				CLANG_WARN_OBJC_LITERAL_CONVERSION = YES;
				CLANG_WARN_OBJC_ROOT_CLASS = YES_ERROR;
				CLANG_WARN_QUOTED_INCLUDE_IN_FRAMEWORK_HEADER = YES;
				CLANG_WARN_RANGE_LOOP_ANALYSIS = YES;
				CLANG_WARN_STRICT_PROTOTYPES = YES;
				CLANG_WARN_SUSPICIOUS_MOVE = YES;
				CLANG_WARN_UNGUARDED_AVAILABILITY = YES_AGGRESSIVE;
				CLANG_WARN_UNREACHABLE_CODE = YES;
				CLANG_WARN__DUPLICATE_METHOD_MATCH = YES;
				COPY_PHASE_STRIP = NO;
				DEBUG_INFORMATION_FORMAT = "dwarf-with-dsym";
				ENABLE_NS_ASSERTIONS = NO;
				ENABLE_STRICT_OBJC_MSGSEND = YES;
				GCC_C_LANGUAGE_STANDARD = gnu11;
				GCC_NO_COMMON_BLOCKS = YES;
				GCC_WARN_64_TO_32_BIT_CONVERSION = YES;
				GCC_WARN_ABOUT_RETURN_TYPE = YES_ERROR;
				GCC_WARN_UNDECLARED_SELECTOR = YES;
				GCC_WARN_UNINITIALIZED_AUTOS = YES_AGGRESSIVE;
				GCC_WARN_UNUSED_FUNCTION = YES;
				GCC_WARN_UNUSED_VARIABLE = YES;
				MTL_ENABLE_DEBUG_INFO = NO;
				MTL_FAST_MATH = YES;
				SWIFT_COMPILATION_MODE = wholemodule;
				SWIFT_OPTIMIZATION_LEVEL = "-O";
			};
			name = Release;
		};
		FE85B3E727A5C785000F6387 /* Debug */ = {
			isa = XCBuildConfiguration;
			buildSettings = {
				ASSETCATALOG_COMPILER_APPICON_NAME = AppIcon;
				ASSETCATALOG_COMPILER_GLOBAL_ACCENT_COLOR_NAME = AccentColor;
				CODE_SIGN_STYLE = Automatic;
				CURRENT_PROJECT_VERSION = 1;
				DEVELOPMENT_TEAM = NU4Z69HCZ2;
				ENABLE_PREVIEWS = YES;
				GENERATE_INFOPLIST_FILE = YES;
				INFOPLIST_FILE = "EmojiArt--iOS--Info.plist";
				INFOPLIST_KEY_NSCameraUsageDescription = "The camera can be used to set the background of an EmojiArt document.";
				INFOPLIST_KEY_UIApplicationSceneManifest_Generation = YES;
				INFOPLIST_KEY_UIApplicationSupportsIndirectInputEvents = YES;
				INFOPLIST_KEY_UILaunchScreen_Generation = YES;
				INFOPLIST_KEY_UISupportedInterfaceOrientations_iPad = "UIInterfaceOrientationPortrait UIInterfaceOrientationPortraitUpsideDown UIInterfaceOrientationLandscapeLeft UIInterfaceOrientationLandscapeRight";
				INFOPLIST_KEY_UISupportedInterfaceOrientations_iPhone = "UIInterfaceOrientationPortrait UIInterfaceOrientationLandscapeLeft UIInterfaceOrientationLandscapeRight";
				INFOPLIST_KEY_UISupportsDocumentBrowser = YES;
				IPHONEOS_DEPLOYMENT_TARGET = 15.2;
				LD_RUNPATH_SEARCH_PATHS = (
					"$(inherited)",
					"@executable_path/Frameworks",
				);
				MARKETING_VERSION = 1.0;
				PRODUCT_BUNDLE_IDENTIFIER = com.elexlee.EmojiArt;
				PRODUCT_NAME = EmojiArt;
				SDKROOT = iphoneos;
				SWIFT_EMIT_LOC_STRINGS = YES;
				SWIFT_VERSION = 5.0;
				TARGETED_DEVICE_FAMILY = "1,2";
			};
			name = Debug;
		};
		FE85B3E827A5C785000F6387 /* Release */ = {
			isa = XCBuildConfiguration;
			buildSettings = {
				ASSETCATALOG_COMPILER_APPICON_NAME = AppIcon;
				ASSETCATALOG_COMPILER_GLOBAL_ACCENT_COLOR_NAME = AccentColor;
				CODE_SIGN_STYLE = Automatic;
				CURRENT_PROJECT_VERSION = 1;
				DEVELOPMENT_TEAM = NU4Z69HCZ2;
				ENABLE_PREVIEWS = YES;
				GENERATE_INFOPLIST_FILE = YES;
				INFOPLIST_FILE = "EmojiArt--iOS--Info.plist";
				INFOPLIST_KEY_NSCameraUsageDescription = "The camera can be used to set the background of an EmojiArt document.";
				INFOPLIST_KEY_UIApplicationSceneManifest_Generation = YES;
				INFOPLIST_KEY_UIApplicationSupportsIndirectInputEvents = YES;
				INFOPLIST_KEY_UILaunchScreen_Generation = YES;
				INFOPLIST_KEY_UISupportedInterfaceOrientations_iPad = "UIInterfaceOrientationPortrait UIInterfaceOrientationPortraitUpsideDown UIInterfaceOrientationLandscapeLeft UIInterfaceOrientationLandscapeRight";
				INFOPLIST_KEY_UISupportedInterfaceOrientations_iPhone = "UIInterfaceOrientationPortrait UIInterfaceOrientationLandscapeLeft UIInterfaceOrientationLandscapeRight";
				INFOPLIST_KEY_UISupportsDocumentBrowser = YES;
				IPHONEOS_DEPLOYMENT_TARGET = 15.2;
				LD_RUNPATH_SEARCH_PATHS = (
					"$(inherited)",
					"@executable_path/Frameworks",
				);
				MARKETING_VERSION = 1.0;
				PRODUCT_BUNDLE_IDENTIFIER = com.elexlee.EmojiArt;
				PRODUCT_NAME = EmojiArt;
				SDKROOT = iphoneos;
				SWIFT_EMIT_LOC_STRINGS = YES;
				SWIFT_VERSION = 5.0;
				TARGETED_DEVICE_FAMILY = "1,2";
				VALIDATE_PRODUCT = YES;
			};
			name = Release;
		};
		FE85B3EA27A5C785000F6387 /* Debug */ = {
			isa = XCBuildConfiguration;
			buildSettings = {
				ASSETCATALOG_COMPILER_APPICON_NAME = AppIcon;
				ASSETCATALOG_COMPILER_GLOBAL_ACCENT_COLOR_NAME = AccentColor;
				CODE_SIGN_ENTITLEMENTS = macOS/macOS.entitlements;
				CODE_SIGN_STYLE = Automatic;
				COMBINE_HIDPI_IMAGES = YES;
				CURRENT_PROJECT_VERSION = 1;
				DEVELOPMENT_TEAM = NU4Z69HCZ2;
				ENABLE_HARDENED_RUNTIME = YES;
				ENABLE_PREVIEWS = YES;
				GENERATE_INFOPLIST_FILE = YES;
				INFOPLIST_KEY_NSHumanReadableCopyright = "";
				LD_RUNPATH_SEARCH_PATHS = (
					"$(inherited)",
					"@executable_path/../Frameworks",
				);
				MACOSX_DEPLOYMENT_TARGET = 12.1;
				MARKETING_VERSION = 1.0;
				PRODUCT_BUNDLE_IDENTIFIER = com.elexlee.EmojiArt;
				PRODUCT_NAME = EmojiArt;
				SDKROOT = macosx;
				SWIFT_EMIT_LOC_STRINGS = YES;
				SWIFT_VERSION = 5.0;
			};
			name = Debug;
		};
		FE85B3EB27A5C785000F6387 /* Release */ = {
			isa = XCBuildConfiguration;
			buildSettings = {
				ASSETCATALOG_COMPILER_APPICON_NAME = AppIcon;
				ASSETCATALOG_COMPILER_GLOBAL_ACCENT_COLOR_NAME = AccentColor;
				CODE_SIGN_ENTITLEMENTS = macOS/macOS.entitlements;
				CODE_SIGN_STYLE = Automatic;
				COMBINE_HIDPI_IMAGES = YES;
				CURRENT_PROJECT_VERSION = 1;
				DEVELOPMENT_TEAM = NU4Z69HCZ2;
				ENABLE_HARDENED_RUNTIME = YES;
				ENABLE_PREVIEWS = YES;
				GENERATE_INFOPLIST_FILE = YES;
				INFOPLIST_KEY_NSHumanReadableCopyright = "";
				LD_RUNPATH_SEARCH_PATHS = (
					"$(inherited)",
					"@executable_path/../Frameworks",
				);
				MACOSX_DEPLOYMENT_TARGET = 12.1;
				MARKETING_VERSION = 1.0;
				PRODUCT_BUNDLE_IDENTIFIER = com.elexlee.EmojiArt;
				PRODUCT_NAME = EmojiArt;
				SDKROOT = macosx;
				SWIFT_EMIT_LOC_STRINGS = YES;
				SWIFT_VERSION = 5.0;
			};
			name = Release;
		};
		FE85B3ED27A5C785000F6387 /* Debug */ = {
			isa = XCBuildConfiguration;
			buildSettings = {
				ALWAYS_EMBED_SWIFT_STANDARD_LIBRARIES = YES;
				CODE_SIGN_STYLE = Automatic;
				CURRENT_PROJECT_VERSION = 1;
				DEVELOPMENT_TEAM = NU4Z69HCZ2;
				GENERATE_INFOPLIST_FILE = YES;
				IPHONEOS_DEPLOYMENT_TARGET = 15.2;
				MARKETING_VERSION = 1.0;
				PRODUCT_BUNDLE_IDENTIFIER = "com.elexlee.Tests-iOS";
				PRODUCT_NAME = "$(TARGET_NAME)";
				SDKROOT = iphoneos;
				SWIFT_EMIT_LOC_STRINGS = NO;
				SWIFT_VERSION = 5.0;
				TARGETED_DEVICE_FAMILY = "1,2";
				TEST_TARGET_NAME = "EmojiArt (iOS)";
			};
			name = Debug;
		};
		FE85B3EE27A5C785000F6387 /* Release */ = {
			isa = XCBuildConfiguration;
			buildSettings = {
				ALWAYS_EMBED_SWIFT_STANDARD_LIBRARIES = YES;
				CODE_SIGN_STYLE = Automatic;
				CURRENT_PROJECT_VERSION = 1;
				DEVELOPMENT_TEAM = NU4Z69HCZ2;
				GENERATE_INFOPLIST_FILE = YES;
				IPHONEOS_DEPLOYMENT_TARGET = 15.2;
				MARKETING_VERSION = 1.0;
				PRODUCT_BUNDLE_IDENTIFIER = "com.elexlee.Tests-iOS";
				PRODUCT_NAME = "$(TARGET_NAME)";
				SDKROOT = iphoneos;
				SWIFT_EMIT_LOC_STRINGS = NO;
				SWIFT_VERSION = 5.0;
				TARGETED_DEVICE_FAMILY = "1,2";
				TEST_TARGET_NAME = "EmojiArt (iOS)";
				VALIDATE_PRODUCT = YES;
			};
			name = Release;
		};
		FE85B3F027A5C785000F6387 /* Debug */ = {
			isa = XCBuildConfiguration;
			buildSettings = {
				ALWAYS_EMBED_SWIFT_STANDARD_LIBRARIES = YES;
				CODE_SIGN_STYLE = Automatic;
				CURRENT_PROJECT_VERSION = 1;
				DEVELOPMENT_TEAM = NU4Z69HCZ2;
				GENERATE_INFOPLIST_FILE = YES;
				MACOSX_DEPLOYMENT_TARGET = 12.1;
				MARKETING_VERSION = 1.0;
				PRODUCT_BUNDLE_IDENTIFIER = "com.elexlee.Tests-macOS";
				PRODUCT_NAME = "$(TARGET_NAME)";
				SDKROOT = macosx;
				SWIFT_EMIT_LOC_STRINGS = NO;
				SWIFT_VERSION = 5.0;
				TEST_TARGET_NAME = "EmojiArt (macOS)";
			};
			name = Debug;
		};
		FE85B3F127A5C785000F6387 /* Release */ = {
			isa = XCBuildConfiguration;
			buildSettings = {
				ALWAYS_EMBED_SWIFT_STANDARD_LIBRARIES = YES;
				CODE_SIGN_STYLE = Automatic;
				CURRENT_PROJECT_VERSION = 1;
				DEVELOPMENT_TEAM = NU4Z69HCZ2;
				GENERATE_INFOPLIST_FILE = YES;
				MACOSX_DEPLOYMENT_TARGET = 12.1;
				MARKETING_VERSION = 1.0;
				PRODUCT_BUNDLE_IDENTIFIER = "com.elexlee.Tests-macOS";
				PRODUCT_NAME = "$(TARGET_NAME)";
				SDKROOT = macosx;
				SWIFT_EMIT_LOC_STRINGS = NO;
				SWIFT_VERSION = 5.0;
				TEST_TARGET_NAME = "EmojiArt (macOS)";
			};
			name = Release;
		};
/* End XCBuildConfiguration section */

/* Begin XCConfigurationList section */
		FE85B3B427A5C784000F6387 /* Build configuration list for PBXProject "EmojiArt" */ = {
			isa = XCConfigurationList;
			buildConfigurations = (
				FE85B3E427A5C785000F6387 /* Debug */,
				FE85B3E527A5C785000F6387 /* Release */,
			);
			defaultConfigurationIsVisible = 0;
			defaultConfigurationName = Release;
		};
		FE85B3E627A5C785000F6387 /* Build configuration list for PBXNativeTarget "EmojiArt (iOS)" */ = {
			isa = XCConfigurationList;
			buildConfigurations = (
				FE85B3E727A5C785000F6387 /* Debug */,
				FE85B3E827A5C785000F6387 /* Release */,
			);
			defaultConfigurationIsVisible = 0;
			defaultConfigurationName = Release;
		};
		FE85B3E927A5C785000F6387 /* Build configuration list for PBXNativeTarget "EmojiArt (macOS)" */ = {
			isa = XCConfigurationList;
			buildConfigurations = (
				FE85B3EA27A5C785000F6387 /* Debug */,
				FE85B3EB27A5C785000F6387 /* Release */,
			);
			defaultConfigurationIsVisible = 0;
			defaultConfigurationName = Release;
		};
		FE85B3EC27A5C785000F6387 /* Build configuration list for PBXNativeTarget "Tests iOS" */ = {
			isa = XCConfigurationList;
			buildConfigurations = (
				FE85B3ED27A5C785000F6387 /* Debug */,
				FE85B3EE27A5C785000F6387 /* Release */,
			);
			defaultConfigurationIsVisible = 0;
			defaultConfigurationName = Release;
		};
		FE85B3EF27A5C785000F6387 /* Build configuration list for PBXNativeTarget "Tests macOS" */ = {
			isa = XCConfigurationList;
			buildConfigurations = (
				FE85B3F027A5C785000F6387 /* Debug */,
				FE85B3F127A5C785000F6387 /* Release */,
			);
			defaultConfigurationIsVisible = 0;
			defaultConfigurationName = Release;
		};
/* End XCConfigurationList section */
	};
	rootObject = FE85B3B127A5C784000F6387 /* Project object */;
}
